# generated by rye
# use `rye lock` or `rye sync` to update this lockfile
#
# last locked with the following flags:
#   pre: false
#   features: []
#   all-features: false
#   with-sources: false

-e file:.
evdev==1.7.0
    # via pynput
pynput==1.7.6
    # via lismi
python-xlib==0.33
    # via pynput
six==1.16.0
    # via pynput
    # via python-xlib
